
Microsoft Visual Studio Solution File, Format Version 12.00
# Visual Studio Version 16
VisualStudioVersion = 16.0.29519.87
MinimumVisualStudioVersion = 10.0.40219.1
Project("{FAE04EC0-301F-11D3-BF4B-00C04F79EFBC}") = "FilesToDBConverter", "FilesToDBConverter\FilesToDBConverter.csproj", "{CAEC18ED-81CC-4050-B3BD-5C9C1B077AA5}"
EndProject
Global
	GlobalSection(SolutionConfigurationPlatforms) = preSolution
		Debug|Any CPU = Debug|Any CPU
		Release|Any CPU = Release|Any CPU
	EndGlobalSection
	GlobalSection(ProjectConfigurationPlatforms) = postSolution
		{CAEC18ED-81CC-4050-B3BD-5C9C1B077AA5}.Debug|Any CPU.ActiveCfg = Debug|Any CPU
		{CAEC18ED-81CC-4050-B3BD-5C9C1B077AA5}.Debug|Any CPU.Build.0 = Debug|Any CPU
		{CAEC18ED-81CC-4050-B3BD-5C9C1B077AA5}.Release|Any CPU.ActiveCfg = Release|Any CPU
		{CAEC18ED-81CC-4050-B3BD-5C9C1B077AA5}.Release|Any CPU.Build.0 = Release|Any CPU
	EndGlobalSection
	GlobalSection(SolutionProperties) = preSolution
		HideSolutionNode = FALSE
	EndGlobalSection
	GlobalSection(ExtensibilityGlobals) = postSolution
		SolutionGuid = {2482CDF2-9D63-4715-8728-C6EA367F781A}
	EndGlobalSection
EndGlobal
